
Microsoft Visual Studio Solution File, Format Version 12.00
# Visual Studio Version 16
VisualStudioVersion = 16.0.32510.428
MinimumVisualStudioVersion = 10.0.40219.1
Project("{FAE04EC0-301F-11D3-BF4B-00C04F79EFBC}") = "ORM", "ORM\ORM.csproj", "{5E920507-907E-40F8-98E3-30D0D8CA292C}"
EndProject
Global
	GlobalSection(SolutionConfigurationPlatforms) = preSolution
		Debug|Any CPU = Debug|Any CPU
		Release|Any CPU = Release|Any CPU
	EndGlobalSection
	GlobalSection(ProjectConfigurationPlatforms) = postSolution
		{5E920507-907E-40F8-98E3-30D0D8CA292C}.Debug|Any CPU.ActiveCfg = Debug|Any CPU
		{5E920507-907E-40F8-98E3-30D0D8CA292C}.Debug|Any CPU.Build.0 = Debug|Any CPU
		{5E920507-907E-40F8-98E3-30D0D8CA292C}.Release|Any CPU.ActiveCfg = Release|Any CPU
		{5E920507-907E-40F8-98E3-30D0D8CA292C}.Release|Any CPU.Build.0 = Release|Any CPU
	EndGlobalSection
	GlobalSection(SolutionProperties) = preSolution
		HideSolutionNode = FALSE
	EndGlobalSection
	GlobalSection(ExtensibilityGlobals) = postSolution
		SolutionGuid = {B6AC4CBD-44A7-46F2-B4FC-434EADA68680}
	EndGlobalSection
EndGlobal
