
Microsoft Visual Studio Solution File, Format Version 12.00
# Visual Studio Version 16
VisualStudioVersion = 16.0.32510.428
MinimumVisualStudioVersion = 10.0.40219.1
Project("{FAE04EC0-301F-11D3-BF4B-00C04F79EFBC}") = "CRUD", "CRUD\CRUD.csproj", "{BBE407E5-EDEB-427B-88E3-ECDED8A06575}"
EndProject
Global
	GlobalSection(SolutionConfigurationPlatforms) = preSolution
		Debug|Any CPU = Debug|Any CPU
		Release|Any CPU = Release|Any CPU
	EndGlobalSection
	GlobalSection(ProjectConfigurationPlatforms) = postSolution
		{BBE407E5-EDEB-427B-88E3-ECDED8A06575}.Debug|Any CPU.ActiveCfg = Debug|Any CPU
		{BBE407E5-EDEB-427B-88E3-ECDED8A06575}.Debug|Any CPU.Build.0 = Debug|Any CPU
		{BBE407E5-EDEB-427B-88E3-ECDED8A06575}.Release|Any CPU.ActiveCfg = Release|Any CPU
		{BBE407E5-EDEB-427B-88E3-ECDED8A06575}.Release|Any CPU.Build.0 = Release|Any CPU
	EndGlobalSection
	GlobalSection(SolutionProperties) = preSolution
		HideSolutionNode = FALSE
	EndGlobalSection
	GlobalSection(ExtensibilityGlobals) = postSolution
		SolutionGuid = {E1ECE2B1-30F7-4F63-BC47-D5720933D0D0}
	EndGlobalSection
EndGlobal
